// !$*UTF8*$!
{
	archiveVersion = 1;
	classes = {
	};
	objectVersion = 46;
	objects = {

/* Begin PBXBuildFile section */
		1C342DF71AB05B3F005D64DD /* DCAPIManager.m in Sources */ = {isa = PBXBuildFile; fileRef = 1C342DE31AB05B3F005D64DD /* DCAPIManager.m */; };
		1C342DF81AB05B3F005D64DD /* DCColor.m in Sources */ = {isa = PBXBuildFile; fileRef = 1C342DE81AB05B3F005D64DD /* DCColor.m */; };
		1C342DF91AB05B3F005D64DD /* DCKeychainWrapper.m in Sources */ = {isa = PBXBuildFile; fileRef = 1C342DEA1AB05B3F005D64DD /* DCKeychainWrapper.m */; };
		1C342DFA1AB05B3F005D64DD /* DCNavigationController.m in Sources */ = {isa = PBXBuildFile; fileRef = 1C342DEC1AB05B3F005D64DD /* DCNavigationController.m */; };
		1C342DFB1AB05B3F005D64DD /* DCSideMenuViewController.m in Sources */ = {isa = PBXBuildFile; fileRef = 1C342DEE1AB05B3F005D64DD /* DCSideMenuViewController.m */; };
		1C342DFC1AB05B3F005D64DD /* DCTableViewCell.m in Sources */ = {isa = PBXBuildFile; fileRef = 1C342DF01AB05B3F005D64DD /* DCTableViewCell.m */; };
		1C342DFD1AB05B3F005D64DD /* DCViewController.m in Sources */ = {isa = PBXBuildFile; fileRef = 1C342DF21AB05B3F005D64DD /* DCViewController.m */; };
		1C342DFE1AB05B3F005D64DD /* KeychainWrapper.m in Sources */ = {isa = PBXBuildFile; fileRef = 1C342DF41AB05B3F005D64DD /* KeychainWrapper.m */; };
		1CB9A7651AACB91500D85CE5 /* main.m in Sources */ = {isa = PBXBuildFile; fileRef = 1CB9A7641AACB91500D85CE5 /* main.m */; };
		1CB9A7681AACB91500D85CE5 /* AppDelegate.m in Sources */ = {isa = PBXBuildFile; fileRef = 1CB9A7671AACB91500D85CE5 /* AppDelegate.m */; };
		1CB9A76B1AACB91500D85CE5 /* ViewController.m in Sources */ = {isa = PBXBuildFile; fileRef = 1CB9A76A1AACB91500D85CE5 /* ViewController.m */; };
		1CB9A7701AACB91500D85CE5 /* Images.xcassets in Resources */ = {isa = PBXBuildFile; fileRef = 1CB9A76F1AACB91500D85CE5 /* Images.xcassets */; };
		1CB9A7731AACB91500D85CE5 /* LaunchScreen.xib in Resources */ = {isa = PBXBuildFile; fileRef = 1CB9A7711AACB91500D85CE5 /* LaunchScreen.xib */; };
		1CB9A7F31AACDBB100D85CE5 /* AFHTTPRequestOperation.m in Sources */ = {isa = PBXBuildFile; fileRef = 1CB9A7E11AACDBB100D85CE5 /* AFHTTPRequestOperation.m */; };
		1CB9A7F41AACDBB100D85CE5 /* AFHTTPRequestOperationManager.m in Sources */ = {isa = PBXBuildFile; fileRef = 1CB9A7E31AACDBB100D85CE5 /* AFHTTPRequestOperationManager.m */; };
		1CB9A7F51AACDBB100D85CE5 /* AFHTTPSessionManager.m in Sources */ = {isa = PBXBuildFile; fileRef = 1CB9A7E51AACDBB100D85CE5 /* AFHTTPSessionManager.m */; };
		1CB9A7F61AACDBB100D85CE5 /* AFNetworkReachabilityManager.m in Sources */ = {isa = PBXBuildFile; fileRef = 1CB9A7E81AACDBB100D85CE5 /* AFNetworkReachabilityManager.m */; };
		1CB9A7F71AACDBB100D85CE5 /* AFSecurityPolicy.m in Sources */ = {isa = PBXBuildFile; fileRef = 1CB9A7EA1AACDBB100D85CE5 /* AFSecurityPolicy.m */; };
		1CB9A7F81AACDBB100D85CE5 /* AFURLConnectionOperation.m in Sources */ = {isa = PBXBuildFile; fileRef = 1CB9A7EC1AACDBB100D85CE5 /* AFURLConnectionOperation.m */; };
		1CB9A7F91AACDBB100D85CE5 /* AFURLRequestSerialization.m in Sources */ = {isa = PBXBuildFile; fileRef = 1CB9A7EE1AACDBB100D85CE5 /* AFURLRequestSerialization.m */; };
		1CB9A7FA1AACDBB100D85CE5 /* AFURLResponseSerialization.m in Sources */ = {isa = PBXBuildFile; fileRef = 1CB9A7F01AACDBB100D85CE5 /* AFURLResponseSerialization.m */; };
		1CB9A7FB1AACDBB100D85CE5 /* AFURLSessionManager.m in Sources */ = {isa = PBXBuildFile; fileRef = 1CB9A7F21AACDBB100D85CE5 /* AFURLSessionManager.m */; };
		1CD3C9F61AADB75800C8A674 /* APIManagerExampleViewController.m in Sources */ = {isa = PBXBuildFile; fileRef = 1CD3C9F51AADB75800C8A674 /* APIManagerExampleViewController.m */; };
		1CD3C9FF1AADBC4200C8A674 /* MenuTableHeaderView.m in Sources */ = {isa = PBXBuildFile; fileRef = 1CD3C9F81AADBC4200C8A674 /* MenuTableHeaderView.m */; };
		1CD3CA001AADBC4200C8A674 /* MenuTableViewCell.m in Sources */ = {isa = PBXBuildFile; fileRef = 1CD3C9FA1AADBC4200C8A674 /* MenuTableViewCell.m */; };
		1CD3CA011AADBC4200C8A674 /* MenuViewController.m in Sources */ = {isa = PBXBuildFile; fileRef = 1CD3C9FC1AADBC4200C8A674 /* MenuViewController.m */; };
		1CD3CA021AADBC4200C8A674 /* SideMenuViewController.m in Sources */ = {isa = PBXBuildFile; fileRef = 1CD3C9FE1AADBC4200C8A674 /* SideMenuViewController.m */; };
		1CD3CA161AADCE1700C8A674 /* AFNetworkActivityIndicatorManager.m in Sources */ = {isa = PBXBuildFile; fileRef = 1CD3CA061AADCE1700C8A674 /* AFNetworkActivityIndicatorManager.m */; };
		1CD3CA171AADCE1700C8A674 /* UIActivityIndicatorView+AFNetworking.m in Sources */ = {isa = PBXBuildFile; fileRef = 1CD3CA081AADCE1700C8A674 /* UIActivityIndicatorView+AFNetworking.m */; };
		1CD3CA181AADCE1700C8A674 /* UIAlertView+AFNetworking.m in Sources */ = {isa = PBXBuildFile; fileRef = 1CD3CA0A1AADCE1700C8A674 /* UIAlertView+AFNetworking.m */; };
		1CD3CA191AADCE1700C8A674 /* UIButton+AFNetworking.m in Sources */ = {isa = PBXBuildFile; fileRef = 1CD3CA0C1AADCE1700C8A674 /* UIButton+AFNetworking.m */; };
		1CD3CA1A1AADCE1700C8A674 /* UIImageView+AFNetworking.m in Sources */ = {isa = PBXBuildFile; fileRef = 1CD3CA0E1AADCE1700C8A674 /* UIImageView+AFNetworking.m */; };
		1CD3CA1B1AADCE1700C8A674 /* UIProgressView+AFNetworking.m in Sources */ = {isa = PBXBuildFile; fileRef = 1CD3CA111AADCE1700C8A674 /* UIProgressView+AFNetworking.m */; };
		1CD3CA1C1AADCE1700C8A674 /* UIRefreshControl+AFNetworking.m in Sources */ = {isa = PBXBuildFile; fileRef = 1CD3CA131AADCE1700C8A674 /* UIRefreshControl+AFNetworking.m */; };
		1CD3CA1D1AADCE1700C8A674 /* UIWebView+AFNetworking.m in Sources */ = {isa = PBXBuildFile; fileRef = 1CD3CA151AADCE1700C8A674 /* UIWebView+AFNetworking.m */; };
/* End PBXBuildFile section */

/* Begin PBXFileReference section */
		1C342DE21AB05B3F005D64DD /* DCAPIManager.h */ = {isa = PBXFileReference; fileEncoding = 4; lastKnownFileType = sourcecode.c.h; path = DCAPIManager.h; sourceTree = "<group>"; };
		1C342DE31AB05B3F005D64DD /* DCAPIManager.m */ = {isa = PBXFileReference; fileEncoding = 4; lastKnownFileType = sourcecode.c.objc; path = DCAPIManager.m; sourceTree = "<group>"; };
		1C342DE41AB05B3F005D64DD /* DCLog.h */ = {isa = PBXFileReference; fileEncoding = 4; lastKnownFileType = sourcecode.c.h; path = DCLog.h; sourceTree = "<group>"; };
		1C342DE51AB05B3F005D64DD /* DCCheckDevice.h */ = {isa = PBXFileReference; fileEncoding = 4; lastKnownFileType = sourcecode.c.h; path = DCCheckDevice.h; sourceTree = "<group>"; };
		1C342DE61AB05B3F005D64DD /* DCClass.h */ = {isa = PBXFileReference; fileEncoding = 4; lastKnownFileType = sourcecode.c.h; path = DCClass.h; sourceTree = "<group>"; };
		1C342DE71AB05B3F005D64DD /* DCColor.h */ = {isa = PBXFileReference; fileEncoding = 4; lastKnownFileType = sourcecode.c.h; path = DCColor.h; sourceTree = "<group>"; };
		1C342DE81AB05B3F005D64DD /* DCColor.m */ = {isa = PBXFileReference; fileEncoding = 4; lastKnownFileType = sourcecode.c.objc; path = DCColor.m; sourceTree = "<group>"; };
		1C342DE91AB05B3F005D64DD /* DCKeychainWrapper.h */ = {isa = PBXFileReference; fileEncoding = 4; lastKnownFileType = sourcecode.c.h; path = DCKeychainWrapper.h; sourceTree = "<group>"; };
		1C342DEA1AB05B3F005D64DD /* DCKeychainWrapper.m */ = {isa = PBXFileReference; fileEncoding = 4; lastKnownFileType = sourcecode.c.objc; path = DCKeychainWrapper.m; sourceTree = "<group>"; };
		1C342DEB1AB05B3F005D64DD /* DCNavigationController.h */ = {isa = PBXFileReference; fileEncoding = 4; lastKnownFileType = sourcecode.c.h; path = DCNavigationController.h; sourceTree = "<group>"; };
		1C342DEC1AB05B3F005D64DD /* DCNavigationController.m */ = {isa = PBXFileReference; fileEncoding = 4; lastKnownFileType = sourcecode.c.objc; path = DCNavigationController.m; sourceTree = "<group>"; };
		1C342DED1AB05B3F005D64DD /* DCSideMenuViewController.h */ = {isa = PBXFileReference; fileEncoding = 4; lastKnownFileType = sourcecode.c.h; path = DCSideMenuViewController.h; sourceTree = "<group>"; };
		1C342DEE1AB05B3F005D64DD /* DCSideMenuViewController.m */ = {isa = PBXFileReference; fileEncoding = 4; lastKnownFileType = sourcecode.c.objc; path = DCSideMenuViewController.m; sourceTree = "<group>"; };
		1C342DEF1AB05B3F005D64DD /* DCTableViewCell.h */ = {isa = PBXFileReference; fileEncoding = 4; lastKnownFileType = sourcecode.c.h; path = DCTableViewCell.h; sourceTree = "<group>"; };
		1C342DF01AB05B3F005D64DD /* DCTableViewCell.m */ = {isa = PBXFileReference; fileEncoding = 4; lastKnownFileType = sourcecode.c.objc; path = DCTableViewCell.m; sourceTree = "<group>"; };
		1C342DF11AB05B3F005D64DD /* DCViewController.h */ = {isa = PBXFileReference; fileEncoding = 4; lastKnownFileType = sourcecode.c.h; path = DCViewController.h; sourceTree = "<group>"; };
		1C342DF21AB05B3F005D64DD /* DCViewController.m */ = {isa = PBXFileReference; fileEncoding = 4; lastKnownFileType = sourcecode.c.objc; path = DCViewController.m; sourceTree = "<group>"; };
		1C342DF31AB05B3F005D64DD /* KeychainWrapper.h */ = {isa = PBXFileReference; fileEncoding = 4; lastKnownFileType = sourcecode.c.h; path = KeychainWrapper.h; sourceTree = "<group>"; };
		1C342DF41AB05B3F005D64DD /* KeychainWrapper.m */ = {isa = PBXFileReference; fileEncoding = 4; lastKnownFileType = sourcecode.c.objc; path = KeychainWrapper.m; sourceTree = "<group>"; };
		1CB9A75F1AACB91500D85CE5 /* DCClass iOS Example.app */ = {isa = PBXFileReference; explicitFileType = wrapper.application; includeInIndex = 0; path = "DCClass iOS Example.app"; sourceTree = BUILT_PRODUCTS_DIR; };
		1CB9A7631AACB91500D85CE5 /* Info.plist */ = {isa = PBXFileReference; lastKnownFileType = text.plist.xml; path = Info.plist; sourceTree = "<group>"; };
		1CB9A7641AACB91500D85CE5 /* main.m */ = {isa = PBXFileReference; lastKnownFileType = sourcecode.c.objc; path = main.m; sourceTree = "<group>"; };
		1CB9A7661AACB91500D85CE5 /* AppDelegate.h */ = {isa = PBXFileReference; lastKnownFileType = sourcecode.c.h; path = AppDelegate.h; sourceTree = "<group>"; };
		1CB9A7671AACB91500D85CE5 /* AppDelegate.m */ = {isa = PBXFileReference; lastKnownFileType = sourcecode.c.objc; path = AppDelegate.m; sourceTree = "<group>"; };
		1CB9A7691AACB91500D85CE5 /* ViewController.h */ = {isa = PBXFileReference; lastKnownFileType = sourcecode.c.h; path = ViewController.h; sourceTree = "<group>"; };
		1CB9A76A1AACB91500D85CE5 /* ViewController.m */ = {isa = PBXFileReference; lastKnownFileType = sourcecode.c.objc; path = ViewController.m; sourceTree = "<group>"; };
		1CB9A76F1AACB91500D85CE5 /* Images.xcassets */ = {isa = PBXFileReference; lastKnownFileType = folder.assetcatalog; path = Images.xcassets; sourceTree = "<group>"; };
		1CB9A7721AACB91500D85CE5 /* Base */ = {isa = PBXFileReference; lastKnownFileType = file.xib; name = Base; path = Base.lproj/LaunchScreen.xib; sourceTree = "<group>"; };
		1CB9A7E01AACDBB100D85CE5 /* AFHTTPRequestOperation.h */ = {isa = PBXFileReference; fileEncoding = 4; lastKnownFileType = sourcecode.c.h; path = AFHTTPRequestOperation.h; sourceTree = "<group>"; };
		1CB9A7E11AACDBB100D85CE5 /* AFHTTPRequestOperation.m */ = {isa = PBXFileReference; fileEncoding = 4; lastKnownFileType = sourcecode.c.objc; path = AFHTTPRequestOperation.m; sourceTree = "<group>"; };
		1CB9A7E21AACDBB100D85CE5 /* AFHTTPRequestOperationManager.h */ = {isa = PBXFileReference; fileEncoding = 4; lastKnownFileType = sourcecode.c.h; path = AFHTTPRequestOperationManager.h; sourceTree = "<group>"; };
		1CB9A7E31AACDBB100D85CE5 /* AFHTTPRequestOperationManager.m */ = {isa = PBXFileReference; fileEncoding = 4; lastKnownFileType = sourcecode.c.objc; path = AFHTTPRequestOperationManager.m; sourceTree = "<group>"; };
		1CB9A7E41AACDBB100D85CE5 /* AFHTTPSessionManager.h */ = {isa = PBXFileReference; fileEncoding = 4; lastKnownFileType = sourcecode.c.h; path = AFHTTPSessionManager.h; sourceTree = "<group>"; };
		1CB9A7E51AACDBB100D85CE5 /* AFHTTPSessionManager.m */ = {isa = PBXFileReference; fileEncoding = 4; lastKnownFileType = sourcecode.c.objc; path = AFHTTPSessionManager.m; sourceTree = "<group>"; };
		1CB9A7E61AACDBB100D85CE5 /* AFNetworking.h */ = {isa = PBXFileReference; fileEncoding = 4; lastKnownFileType = sourcecode.c.h; path = AFNetworking.h; sourceTree = "<group>"; };
		1CB9A7E71AACDBB100D85CE5 /* AFNetworkReachabilityManager.h */ = {isa = PBXFileReference; fileEncoding = 4; lastKnownFileType = sourcecode.c.h; path = AFNetworkReachabilityManager.h; sourceTree = "<group>"; };
		1CB9A7E81AACDBB100D85CE5 /* AFNetworkReachabilityManager.m */ = {isa = PBXFileReference; fileEncoding = 4; lastKnownFileType = sourcecode.c.objc; path = AFNetworkReachabilityManager.m; sourceTree = "<group>"; };
		1CB9A7E91AACDBB100D85CE5 /* AFSecurityPolicy.h */ = {isa = PBXFileReference; fileEncoding = 4; lastKnownFileType = sourcecode.c.h; path = AFSecurityPolicy.h; sourceTree = "<group>"; };
		1CB9A7EA1AACDBB100D85CE5 /* AFSecurityPolicy.m */ = {isa = PBXFileReference; fileEncoding = 4; lastKnownFileType = sourcecode.c.objc; path = AFSecurityPolicy.m; sourceTree = "<group>"; };
		1CB9A7EB1AACDBB100D85CE5 /* AFURLConnectionOperation.h */ = {isa = PBXFileReference; fileEncoding = 4; lastKnownFileType = sourcecode.c.h; path = AFURLConnectionOperation.h; sourceTree = "<group>"; };
		1CB9A7EC1AACDBB100D85CE5 /* AFURLConnectionOperation.m */ = {isa = PBXFileReference; fileEncoding = 4; lastKnownFileType = sourcecode.c.objc; path = AFURLConnectionOperation.m; sourceTree = "<group>"; };
		1CB9A7ED1AACDBB100D85CE5 /* AFURLRequestSerialization.h */ = {isa = PBXFileReference; fileEncoding = 4; lastKnownFileType = sourcecode.c.h; path = AFURLRequestSerialization.h; sourceTree = "<group>"; };
		1CB9A7EE1AACDBB100D85CE5 /* AFURLRequestSerialization.m */ = {isa = PBXFileReference; fileEncoding = 4; lastKnownFileType = sourcecode.c.objc; path = AFURLRequestSerialization.m; sourceTree = "<group>"; };
		1CB9A7EF1AACDBB100D85CE5 /* AFURLResponseSerialization.h */ = {isa = PBXFileReference; fileEncoding = 4; lastKnownFileType = sourcecode.c.h; path = AFURLResponseSerialization.h; sourceTree = "<group>"; };
		1CB9A7F01AACDBB100D85CE5 /* AFURLResponseSerialization.m */ = {isa = PBXFileReference; fileEncoding = 4; lastKnownFileType = sourcecode.c.objc; path = AFURLResponseSerialization.m; sourceTree = "<group>"; };
		1CB9A7F11AACDBB100D85CE5 /* AFURLSessionManager.h */ = {isa = PBXFileReference; fileEncoding = 4; lastKnownFileType = sourcecode.c.h; path = AFURLSessionManager.h; sourceTree = "<group>"; };
		1CB9A7F21AACDBB100D85CE5 /* AFURLSessionManager.m */ = {isa = PBXFileReference; fileEncoding = 4; lastKnownFileType = sourcecode.c.objc; path = AFURLSessionManager.m; sourceTree = "<group>"; };
		1CD3C9F41AADB75800C8A674 /* APIManagerExampleViewController.h */ = {isa = PBXFileReference; fileEncoding = 4; lastKnownFileType = sourcecode.c.h; path = APIManagerExampleViewController.h; sourceTree = "<group>"; };
		1CD3C9F51AADB75800C8A674 /* APIManagerExampleViewController.m */ = {isa = PBXFileReference; fileEncoding = 4; lastKnownFileType = sourcecode.c.objc; path = APIManagerExampleViewController.m; sourceTree = "<group>"; };
		1CD3C9F71AADBC4200C8A674 /* MenuTableHeaderView.h */ = {isa = PBXFileReference; fileEncoding = 4; lastKnownFileType = sourcecode.c.h; path = MenuTableHeaderView.h; sourceTree = "<group>"; };
		1CD3C9F81AADBC4200C8A674 /* MenuTableHeaderView.m */ = {isa = PBXFileReference; fileEncoding = 4; lastKnownFileType = sourcecode.c.objc; path = MenuTableHeaderView.m; sourceTree = "<group>"; };
		1CD3C9F91AADBC4200C8A674 /* MenuTableViewCell.h */ = {isa = PBXFileReference; fileEncoding = 4; lastKnownFileType = sourcecode.c.h; path = MenuTableViewCell.h; sourceTree = "<group>"; };
		1CD3C9FA1AADBC4200C8A674 /* MenuTableViewCell.m */ = {isa = PBXFileReference; fileEncoding = 4; lastKnownFileType = sourcecode.c.objc; path = MenuTableViewCell.m; sourceTree = "<group>"; };
		1CD3C9FB1AADBC4200C8A674 /* MenuViewController.h */ = {isa = PBXFileReference; fileEncoding = 4; lastKnownFileType = sourcecode.c.h; path = MenuViewController.h; sourceTree = "<group>"; };
		1CD3C9FC1AADBC4200C8A674 /* MenuViewController.m */ = {isa = PBXFileReference; fileEncoding = 4; lastKnownFileType = sourcecode.c.objc; path = MenuViewController.m; sourceTree = "<group>"; };
		1CD3C9FD1AADBC4200C8A674 /* SideMenuViewController.h */ = {isa = PBXFileReference; fileEncoding = 4; lastKnownFileType = sourcecode.c.h; path = SideMenuViewController.h; sourceTree = "<group>"; };
		1CD3C9FE1AADBC4200C8A674 /* SideMenuViewController.m */ = {isa = PBXFileReference; fileEncoding = 4; lastKnownFileType = sourcecode.c.objc; path = SideMenuViewController.m; sourceTree = "<group>"; };
		1CD3CA051AADCE1700C8A674 /* AFNetworkActivityIndicatorManager.h */ = {isa = PBXFileReference; fileEncoding = 4; lastKnownFileType = sourcecode.c.h; path = AFNetworkActivityIndicatorManager.h; sourceTree = "<group>"; };
		1CD3CA061AADCE1700C8A674 /* AFNetworkActivityIndicatorManager.m */ = {isa = PBXFileReference; fileEncoding = 4; lastKnownFileType = sourcecode.c.objc; path = AFNetworkActivityIndicatorManager.m; sourceTree = "<group>"; };
		1CD3CA071AADCE1700C8A674 /* UIActivityIndicatorView+AFNetworking.h */ = {isa = PBXFileReference; fileEncoding = 4; lastKnownFileType = sourcecode.c.h; path = "UIActivityIndicatorView+AFNetworking.h"; sourceTree = "<group>"; };
		1CD3CA081AADCE1700C8A674 /* UIActivityIndicatorView+AFNetworking.m */ = {isa = PBXFileReference; fileEncoding = 4; lastKnownFileType = sourcecode.c.objc; path = "UIActivityIndicatorView+AFNetworking.m"; sourceTree = "<group>"; };
		1CD3CA091AADCE1700C8A674 /* UIAlertView+AFNetworking.h */ = {isa = PBXFileReference; fileEncoding = 4; lastKnownFileType = sourcecode.c.h; path = "UIAlertView+AFNetworking.h"; sourceTree = "<group>"; };
		1CD3CA0A1AADCE1700C8A674 /* UIAlertView+AFNetworking.m */ = {isa = PBXFileReference; fileEncoding = 4; lastKnownFileType = sourcecode.c.objc; path = "UIAlertView+AFNetworking.m"; sourceTree = "<group>"; };
		1CD3CA0B1AADCE1700C8A674 /* UIButton+AFNetworking.h */ = {isa = PBXFileReference; fileEncoding = 4; lastKnownFileType = sourcecode.c.h; path = "UIButton+AFNetworking.h"; sourceTree = "<group>"; };
		1CD3CA0C1AADCE1700C8A674 /* UIButton+AFNetworking.m */ = {isa = PBXFileReference; fileEncoding = 4; lastKnownFileType = sourcecode.c.objc; path = "UIButton+AFNetworking.m"; sourceTree = "<group>"; };
		1CD3CA0D1AADCE1700C8A674 /* UIImageView+AFNetworking.h */ = {isa = PBXFileReference; fileEncoding = 4; lastKnownFileType = sourcecode.c.h; path = "UIImageView+AFNetworking.h"; sourceTree = "<group>"; };
		1CD3CA0E1AADCE1700C8A674 /* UIImageView+AFNetworking.m */ = {isa = PBXFileReference; fileEncoding = 4; lastKnownFileType = sourcecode.c.objc; path = "UIImageView+AFNetworking.m"; sourceTree = "<group>"; };
		1CD3CA0F1AADCE1700C8A674 /* UIKit+AFNetworking.h */ = {isa = PBXFileReference; fileEncoding = 4; lastKnownFileType = sourcecode.c.h; path = "UIKit+AFNetworking.h"; sourceTree = "<group>"; };
		1CD3CA101AADCE1700C8A674 /* UIProgressView+AFNetworking.h */ = {isa = PBXFileReference; fileEncoding = 4; lastKnownFileType = sourcecode.c.h; path = "UIProgressView+AFNetworking.h"; sourceTree = "<group>"; };
		1CD3CA111AADCE1700C8A674 /* UIProgressView+AFNetworking.m */ = {isa = PBXFileReference; fileEncoding = 4; lastKnownFileType = sourcecode.c.objc; path = "UIProgressView+AFNetworking.m"; sourceTree = "<group>"; };
		1CD3CA121AADCE1700C8A674 /* UIRefreshControl+AFNetworking.h */ = {isa = PBXFileReference; fileEncoding = 4; lastKnownFileType = sourcecode.c.h; path = "UIRefreshControl+AFNetworking.h"; sourceTree = "<group>"; };
		1CD3CA131AADCE1700C8A674 /* UIRefreshControl+AFNetworking.m */ = {isa = PBXFileReference; fileEncoding = 4; lastKnownFileType = sourcecode.c.objc; path = "UIRefreshControl+AFNetworking.m"; sourceTree = "<group>"; };
		1CD3CA141AADCE1700C8A674 /* UIWebView+AFNetworking.h */ = {isa = PBXFileReference; fileEncoding = 4; lastKnownFileType = sourcecode.c.h; path = "UIWebView+AFNetworking.h"; sourceTree = "<group>"; };
		1CD3CA151AADCE1700C8A674 /* UIWebView+AFNetworking.m */ = {isa = PBXFileReference; fileEncoding = 4; lastKnownFileType = sourcecode.c.objc; path = "UIWebView+AFNetworking.m"; sourceTree = "<group>"; };
/* End PBXFileReference section */

/* Begin PBXFrameworksBuildPhase section */
		1CB9A75C1AACB91500D85CE5 /* Frameworks */ = {
			isa = PBXFrameworksBuildPhase;
			buildActionMask = 2147483647;
			files = (
			);
			runOnlyForDeploymentPostprocessing = 0;
		};
/* End PBXFrameworksBuildPhase section */

/* Begin PBXGroup section */
		1C342DF51AB05B3F005D64DD /* KeychainWrapper */ = {
			isa = PBXGroup;
			children = (
				1C342DF31AB05B3F005D64DD /* KeychainWrapper.h */,
				1C342DF41AB05B3F005D64DD /* KeychainWrapper.m */,
			);
			path = KeychainWrapper;
			sourceTree = "<group>";
		};
		1C342DF61AB05B3F005D64DD /* DCClass */ = {
			isa = PBXGroup;
			children = (
				1C342DE21AB05B3F005D64DD /* DCAPIManager.h */,
				1C342DE31AB05B3F005D64DD /* DCAPIManager.m */,
				1C342DE41AB05B3F005D64DD /* DCLog.h */,
				1C342DE51AB05B3F005D64DD /* DCCheckDevice.h */,
				1C342DE61AB05B3F005D64DD /* DCClass.h */,
				1C342DE71AB05B3F005D64DD /* DCColor.h */,
				1C342DE81AB05B3F005D64DD /* DCColor.m */,
				1C342DE91AB05B3F005D64DD /* DCKeychainWrapper.h */,
				1C342DEA1AB05B3F005D64DD /* DCKeychainWrapper.m */,
				1C342DEB1AB05B3F005D64DD /* DCNavigationController.h */,
				1C342DEC1AB05B3F005D64DD /* DCNavigationController.m */,
				1C342DED1AB05B3F005D64DD /* DCSideMenuViewController.h */,
				1C342DEE1AB05B3F005D64DD /* DCSideMenuViewController.m */,
				1C342DEF1AB05B3F005D64DD /* DCTableViewCell.h */,
				1C342DF01AB05B3F005D64DD /* DCTableViewCell.m */,
				1C342DF11AB05B3F005D64DD /* DCViewController.h */,
				1C342DF21AB05B3F005D64DD /* DCViewController.m */,
				1C342DF51AB05B3F005D64DD /* KeychainWrapper */,
			);
			name = DCClass;
			path = ../DCClass;
			sourceTree = "<group>";
		};
		1CB9A7561AACB91500D85CE5 = {
			isa = PBXGroup;
			children = (
				1CB9A7611AACB91500D85CE5 /* Classes */,
				1CB9A7C11AACD94C00D85CE5 /* Vendor */,
				1CB9A7601AACB91500D85CE5 /* Products */,
			);
			sourceTree = "<group>";
		};
		1CB9A7601AACB91500D85CE5 /* Products */ = {
			isa = PBXGroup;
			children = (
				1CB9A75F1AACB91500D85CE5 /* DCClass iOS Example.app */,
			);
			name = Products;
			sourceTree = "<group>";
		};
		1CB9A7611AACB91500D85CE5 /* Classes */ = {
			isa = PBXGroup;
			children = (
				1CD3CA031AADBC5600C8A674 /* Menu */,
				1CD3C9F11AADB6EC00C8A674 /* APIManager Example */,
				1CD3C9F21AADB6FD00C8A674 /* Color Example */,
				1CD3C9F31AADB70B00C8A674 /* KeychainWrapper Example */,
				1CB9A7661AACB91500D85CE5 /* AppDelegate.h */,
				1CB9A7671AACB91500D85CE5 /* AppDelegate.m */,
				1CB9A7691AACB91500D85CE5 /* ViewController.h */,
				1CB9A76A1AACB91500D85CE5 /* ViewController.m */,
				1CB9A76F1AACB91500D85CE5 /* Images.xcassets */,
				1CB9A7711AACB91500D85CE5 /* LaunchScreen.xib */,
				1CB9A7621AACB91500D85CE5 /* Supporting Files */,
			);
			name = Classes;
			path = "DCClass iOS Example";
			sourceTree = "<group>";
		};
		1CB9A7621AACB91500D85CE5 /* Supporting Files */ = {
			isa = PBXGroup;
			children = (
				1CB9A7631AACB91500D85CE5 /* Info.plist */,
				1CB9A7641AACB91500D85CE5 /* main.m */,
			);
			name = "Supporting Files";
			sourceTree = "<group>";
		};
		1CB9A7C11AACD94C00D85CE5 /* Vendor */ = {
			isa = PBXGroup;
			children = (
				1C342DF61AB05B3F005D64DD /* DCClass */,
				1CD3CA041AADCE1700C8A674 /* UIKit+AFNetworking */,
				1CB9A7DF1AACDBB100D85CE5 /* AFNetworking */,
			);
			name = Vendor;
			sourceTree = "<group>";
		};
		1CB9A7DF1AACDBB100D85CE5 /* AFNetworking */ = {
			isa = PBXGroup;
			children = (
				1CB9A7E01AACDBB100D85CE5 /* AFHTTPRequestOperation.h */,
				1CB9A7E11AACDBB100D85CE5 /* AFHTTPRequestOperation.m */,
				1CB9A7E21AACDBB100D85CE5 /* AFHTTPRequestOperationManager.h */,
				1CB9A7E31AACDBB100D85CE5 /* AFHTTPRequestOperationManager.m */,
				1CB9A7E41AACDBB100D85CE5 /* AFHTTPSessionManager.h */,
				1CB9A7E51AACDBB100D85CE5 /* AFHTTPSessionManager.m */,
				1CB9A7E61AACDBB100D85CE5 /* AFNetworking.h */,
				1CB9A7E71AACDBB100D85CE5 /* AFNetworkReachabilityManager.h */,
				1CB9A7E81AACDBB100D85CE5 /* AFNetworkReachabilityManager.m */,
				1CB9A7E91AACDBB100D85CE5 /* AFSecurityPolicy.h */,
				1CB9A7EA1AACDBB100D85CE5 /* AFSecurityPolicy.m */,
				1CB9A7EB1AACDBB100D85CE5 /* AFURLConnectionOperation.h */,
				1CB9A7EC1AACDBB100D85CE5 /* AFURLConnectionOperation.m */,
				1CB9A7ED1AACDBB100D85CE5 /* AFURLRequestSerialization.h */,
				1CB9A7EE1AACDBB100D85CE5 /* AFURLRequestSerialization.m */,
				1CB9A7EF1AACDBB100D85CE5 /* AFURLResponseSerialization.h */,
				1CB9A7F01AACDBB100D85CE5 /* AFURLResponseSerialization.m */,
				1CB9A7F11AACDBB100D85CE5 /* AFURLSessionManager.h */,
				1CB9A7F21AACDBB100D85CE5 /* AFURLSessionManager.m */,
			);
			path = AFNetworking;
			sourceTree = "<group>";
		};
		1CD3C9F11AADB6EC00C8A674 /* APIManager Example */ = {
			isa = PBXGroup;
			children = (
				1CD3C9F41AADB75800C8A674 /* APIManagerExampleViewController.h */,
				1CD3C9F51AADB75800C8A674 /* APIManagerExampleViewController.m */,
			);
			name = "APIManager Example";
			sourceTree = "<group>";
		};
		1CD3C9F21AADB6FD00C8A674 /* Color Example */ = {
			isa = PBXGroup;
			children = (
			);
			name = "Color Example";
			sourceTree = "<group>";
		};
		1CD3C9F31AADB70B00C8A674 /* KeychainWrapper Example */ = {
			isa = PBXGroup;
			children = (
			);
			name = "KeychainWrapper Example";
			sourceTree = "<group>";
		};
		1CD3CA031AADBC5600C8A674 /* Menu */ = {
			isa = PBXGroup;
			children = (
				1CD3C9F71AADBC4200C8A674 /* MenuTableHeaderView.h */,
				1CD3C9F81AADBC4200C8A674 /* MenuTableHeaderView.m */,
				1CD3C9F91AADBC4200C8A674 /* MenuTableViewCell.h */,
				1CD3C9FA1AADBC4200C8A674 /* MenuTableViewCell.m */,
				1CD3C9FB1AADBC4200C8A674 /* MenuViewController.h */,
				1CD3C9FC1AADBC4200C8A674 /* MenuViewController.m */,
				1CD3C9FD1AADBC4200C8A674 /* SideMenuViewController.h */,
				1CD3C9FE1AADBC4200C8A674 /* SideMenuViewController.m */,
			);
			name = Menu;
			sourceTree = "<group>";
		};
		1CD3CA041AADCE1700C8A674 /* UIKit+AFNetworking */ = {
			isa = PBXGroup;
			children = (
				1CD3CA051AADCE1700C8A674 /* AFNetworkActivityIndicatorManager.h */,
				1CD3CA061AADCE1700C8A674 /* AFNetworkActivityIndicatorManager.m */,
				1CD3CA071AADCE1700C8A674 /* UIActivityIndicatorView+AFNetworking.h */,
				1CD3CA081AADCE1700C8A674 /* UIActivityIndicatorView+AFNetworking.m */,
				1CD3CA091AADCE1700C8A674 /* UIAlertView+AFNetworking.h */,
				1CD3CA0A1AADCE1700C8A674 /* UIAlertView+AFNetworking.m */,
				1CD3CA0B1AADCE1700C8A674 /* UIButton+AFNetworking.h */,
				1CD3CA0C1AADCE1700C8A674 /* UIButton+AFNetworking.m */,
				1CD3CA0D1AADCE1700C8A674 /* UIImageView+AFNetworking.h */,
				1CD3CA0E1AADCE1700C8A674 /* UIImageView+AFNetworking.m */,
				1CD3CA0F1AADCE1700C8A674 /* UIKit+AFNetworking.h */,
				1CD3CA101AADCE1700C8A674 /* UIProgressView+AFNetworking.h */,
				1CD3CA111AADCE1700C8A674 /* UIProgressView+AFNetworking.m */,
				1CD3CA121AADCE1700C8A674 /* UIRefreshControl+AFNetworking.h */,
				1CD3CA131AADCE1700C8A674 /* UIRefreshControl+AFNetworking.m */,
				1CD3CA141AADCE1700C8A674 /* UIWebView+AFNetworking.h */,
				1CD3CA151AADCE1700C8A674 /* UIWebView+AFNetworking.m */,
			);
			path = "UIKit+AFNetworking";
			sourceTree = "<group>";
		};
/* End PBXGroup section */

/* Begin PBXNativeTarget section */
		1CB9A75E1AACB91500D85CE5 /* DCClass iOS Example */ = {
			isa = PBXNativeTarget;
			buildConfigurationList = 1CB9A7821AACB91500D85CE5 /* Build configuration list for PBXNativeTarget "DCClass iOS Example" */;
			buildPhases = (
				1CB9A75B1AACB91500D85CE5 /* Sources */,
				1CB9A75C1AACB91500D85CE5 /* Frameworks */,
				1CB9A75D1AACB91500D85CE5 /* Resources */,
			);
			buildRules = (
			);
			dependencies = (
			);
			name = "DCClass iOS Example";
			productName = "DCClass iOS Example";
			productReference = 1CB9A75F1AACB91500D85CE5 /* DCClass iOS Example.app */;
			productType = "com.apple.product-type.application";
		};
/* End PBXNativeTarget section */

/* Begin PBXProject section */
		1CB9A7571AACB91500D85CE5 /* Project object */ = {
			isa = PBXProject;
			attributes = {
				LastUpgradeCheck = 0610;
				ORGANIZATIONNAME = "Dmitriy Utmanov";
				TargetAttributes = {
					1CB9A75E1AACB91500D85CE5 = {
						CreatedOnToolsVersion = 6.1.1;
					};
				};
			};
			buildConfigurationList = 1CB9A75A1AACB91500D85CE5 /* Build configuration list for PBXProject "DCClass iOS Example" */;
			compatibilityVersion = "Xcode 3.2";
			developmentRegion = English;
			hasScannedForEncodings = 0;
			knownRegions = (
				en,
				Base,
			);
			mainGroup = 1CB9A7561AACB91500D85CE5;
			productRefGroup = 1CB9A7601AACB91500D85CE5 /* Products */;
			projectDirPath = "";
			projectRoot = "";
			targets = (
				1CB9A75E1AACB91500D85CE5 /* DCClass iOS Example */,
			);
		};
/* End PBXProject section */

/* Begin PBXResourcesBuildPhase section */
		1CB9A75D1AACB91500D85CE5 /* Resources */ = {
			isa = PBXResourcesBuildPhase;
			buildActionMask = 2147483647;
			files = (
				1CB9A7731AACB91500D85CE5 /* LaunchScreen.xib in Resources */,
				1CB9A7701AACB91500D85CE5 /* Images.xcassets in Resources */,
			);
			runOnlyForDeploymentPostprocessing = 0;
		};
/* End PBXResourcesBuildPhase section */

/* Begin PBXSourcesBuildPhase section */
		1CB9A75B1AACB91500D85CE5 /* Sources */ = {
			isa = PBXSourcesBuildPhase;
			buildActionMask = 2147483647;
			files = (
				1CB9A7F31AACDBB100D85CE5 /* AFHTTPRequestOperation.m in Sources */,
				1CD3CA1A1AADCE1700C8A674 /* UIImageView+AFNetworking.m in Sources */,
				1CD3CA1C1AADCE1700C8A674 /* UIRefreshControl+AFNetworking.m in Sources */,
				1C342DF81AB05B3F005D64DD /* DCColor.m in Sources */,
				1CB9A76B1AACB91500D85CE5 /* ViewController.m in Sources */,
				1C342DFB1AB05B3F005D64DD /* DCSideMenuViewController.m in Sources */,
				1CD3CA1D1AADCE1700C8A674 /* UIWebView+AFNetworking.m in Sources */,
				1CD3CA001AADBC4200C8A674 /* MenuTableViewCell.m in Sources */,
				1CB9A7FB1AACDBB100D85CE5 /* AFURLSessionManager.m in Sources */,
				1C342DF71AB05B3F005D64DD /* DCAPIManager.m in Sources */,
				1C342DFA1AB05B3F005D64DD /* DCNavigationController.m in Sources */,
				1CB9A7F51AACDBB100D85CE5 /* AFHTTPSessionManager.m in Sources */,
				1CB9A7F61AACDBB100D85CE5 /* AFNetworkReachabilityManager.m in Sources */,
				1CD3CA1B1AADCE1700C8A674 /* UIProgressView+AFNetworking.m in Sources */,
				1CD3CA021AADBC4200C8A674 /* SideMenuViewController.m in Sources */,
				1CD3CA191AADCE1700C8A674 /* UIButton+AFNetworking.m in Sources */,
				1CB9A7681AACB91500D85CE5 /* AppDelegate.m in Sources */,
				1CB9A7FA1AACDBB100D85CE5 /* AFURLResponseSerialization.m in Sources */,
				1C342DFE1AB05B3F005D64DD /* KeychainWrapper.m in Sources */,
				1CB9A7F91AACDBB100D85CE5 /* AFURLRequestSerialization.m in Sources */,
				1C342DFD1AB05B3F005D64DD /* DCViewController.m in Sources */,
				1CD3C9F61AADB75800C8A674 /* APIManagerExampleViewController.m in Sources */,
				1CB9A7F81AACDBB100D85CE5 /* AFURLConnectionOperation.m in Sources */,
				1C342DFC1AB05B3F005D64DD /* DCTableViewCell.m in Sources */,
				1CD3CA181AADCE1700C8A674 /* UIAlertView+AFNetworking.m in Sources */,
				1CB9A7F41AACDBB100D85CE5 /* AFHTTPRequestOperationManager.m in Sources */,
				1CB9A7F71AACDBB100D85CE5 /* AFSecurityPolicy.m in Sources */,
				1CD3CA011AADBC4200C8A674 /* MenuViewController.m in Sources */,
				1CD3CA161AADCE1700C8A674 /* AFNetworkActivityIndicatorManager.m in Sources */,
				1CD3C9FF1AADBC4200C8A674 /* MenuTableHeaderView.m in Sources */,
				1CD3CA171AADCE1700C8A674 /* UIActivityIndicatorView+AFNetworking.m in Sources */,
				1C342DF91AB05B3F005D64DD /* DCKeychainWrapper.m in Sources */,
				1CB9A7651AACB91500D85CE5 /* main.m in Sources */,
			);
			runOnlyForDeploymentPostprocessing = 0;
		};
/* End PBXSourcesBuildPhase section */

/* Begin PBXVariantGroup section */
		1CB9A7711AACB91500D85CE5 /* LaunchScreen.xib */ = {
			isa = PBXVariantGroup;
			children = (
				1CB9A7721AACB91500D85CE5 /* Base */,
			);
			name = LaunchScreen.xib;
			sourceTree = "<group>";
		};
/* End PBXVariantGroup section */

/* Begin XCBuildConfiguration section */
		1CB9A7801AACB91500D85CE5 /* Debug */ = {
			isa = XCBuildConfiguration;
			buildSettings = {
				ALWAYS_SEARCH_USER_PATHS = NO;
				CLANG_CXX_LANGUAGE_STANDARD = "gnu++0x";
				CLANG_CXX_LIBRARY = "libc++";
				CLANG_ENABLE_MODULES = YES;
				CLANG_ENABLE_OBJC_ARC = YES;
				CLANG_WARN_BOOL_CONVERSION = YES;
				CLANG_WARN_CONSTANT_CONVERSION = YES;
				CLANG_WARN_DIRECT_OBJC_ISA_USAGE = YES_ERROR;
				CLANG_WARN_EMPTY_BODY = YES;
				CLANG_WARN_ENUM_CONVERSION = YES;
				CLANG_WARN_INT_CONVERSION = YES;
				CLANG_WARN_OBJC_ROOT_CLASS = YES_ERROR;
				CLANG_WARN_UNREACHABLE_CODE = YES;
				CLANG_WARN__DUPLICATE_METHOD_MATCH = YES;
				"CODE_SIGN_IDENTITY[sdk=iphoneos*]" = "iPhone Developer";
				COPY_PHASE_STRIP = NO;
				ENABLE_STRICT_OBJC_MSGSEND = YES;
				GCC_C_LANGUAGE_STANDARD = gnu99;
				GCC_DYNAMIC_NO_PIC = NO;
				GCC_OPTIMIZATION_LEVEL = 0;
				GCC_PREPROCESSOR_DEFINITIONS = (
					"DEBUG=1",
					"$(inherited)",
				);
				GCC_SYMBOLS_PRIVATE_EXTERN = NO;
				GCC_WARN_64_TO_32_BIT_CONVERSION = YES;
				GCC_WARN_ABOUT_RETURN_TYPE = YES_ERROR;
				GCC_WARN_UNDECLARED_SELECTOR = YES;
				GCC_WARN_UNINITIALIZED_AUTOS = YES_AGGRESSIVE;
				GCC_WARN_UNUSED_FUNCTION = YES;
				GCC_WARN_UNUSED_VARIABLE = YES;
				IPHONEOS_DEPLOYMENT_TARGET = 8.1;
				MTL_ENABLE_DEBUG_INFO = YES;
				ONLY_ACTIVE_ARCH = YES;
				SDKROOT = iphoneos;
			};
			name = Debug;
		};
		1CB9A7811AACB91500D85CE5 /* Release */ = {
			isa = XCBuildConfiguration;
			buildSettings = {
				ALWAYS_SEARCH_USER_PATHS = NO;
				CLANG_CXX_LANGUAGE_STANDARD = "gnu++0x";
				CLANG_CXX_LIBRARY = "libc++";
				CLANG_ENABLE_MODULES = YES;
				CLANG_ENABLE_OBJC_ARC = YES;
				CLANG_WARN_BOOL_CONVERSION = YES;
				CLANG_WARN_CONSTANT_CONVERSION = YES;
				CLANG_WARN_DIRECT_OBJC_ISA_USAGE = YES_ERROR;
				CLANG_WARN_EMPTY_BODY = YES;
				CLANG_WARN_ENUM_CONVERSION = YES;
				CLANG_WARN_INT_CONVERSION = YES;
				CLANG_WARN_OBJC_ROOT_CLASS = YES_ERROR;
				CLANG_WARN_UNREACHABLE_CODE = YES;
				CLANG_WARN__DUPLICATE_METHOD_MATCH = YES;
				"CODE_SIGN_IDENTITY[sdk=iphoneos*]" = "iPhone Developer";
				COPY_PHASE_STRIP = YES;
				ENABLE_NS_ASSERTIONS = NO;
				ENABLE_STRICT_OBJC_MSGSEND = YES;
				GCC_C_LANGUAGE_STANDARD = gnu99;
				GCC_WARN_64_TO_32_BIT_CONVERSION = YES;
				GCC_WARN_ABOUT_RETURN_TYPE = YES_ERROR;
				GCC_WARN_UNDECLARED_SELECTOR = YES;
				GCC_WARN_UNINITIALIZED_AUTOS = YES_AGGRESSIVE;
				GCC_WARN_UNUSED_FUNCTION = YES;
				GCC_WARN_UNUSED_VARIABLE = YES;
				IPHONEOS_DEPLOYMENT_TARGET = 8.1;
				MTL_ENABLE_DEBUG_INFO = NO;
				SDKROOT = iphoneos;
				VALIDATE_PRODUCT = YES;
			};
			name = Release;
		};
		1CB9A7831AACB91500D85CE5 /* Debug */ = {
			isa = XCBuildConfiguration;
			buildSettings = {
				ASSETCATALOG_COMPILER_APPICON_NAME = AppIcon;
				FRAMEWORK_SEARCH_PATHS = "$(inherited)";
				INFOPLIST_FILE = "DCClass iOS Example/Info.plist";
				LD_RUNPATH_SEARCH_PATHS = "$(inherited) @executable_path/Frameworks";
				PRODUCT_NAME = "$(TARGET_NAME)";
			};
			name = Debug;
		};
		1CB9A7841AACB91500D85CE5 /* Release */ = {
			isa = XCBuildConfiguration;
			buildSettings = {
				ASSETCATALOG_COMPILER_APPICON_NAME = AppIcon;
				FRAMEWORK_SEARCH_PATHS = "$(inherited)";
				INFOPLIST_FILE = "DCClass iOS Example/Info.plist";
				LD_RUNPATH_SEARCH_PATHS = "$(inherited) @executable_path/Frameworks";
				PRODUCT_NAME = "$(TARGET_NAME)";
			};
			name = Release;
		};
/* End XCBuildConfiguration section */

/* Begin XCConfigurationList section */
		1CB9A75A1AACB91500D85CE5 /* Build configuration list for PBXProject "DCClass iOS Example" */ = {
			isa = XCConfigurationList;
			buildConfigurations = (
				1CB9A7801AACB91500D85CE5 /* Debug */,
				1CB9A7811AACB91500D85CE5 /* Release */,
			);
			defaultConfigurationIsVisible = 0;
			defaultConfigurationName = Release;
		};
		1CB9A7821AACB91500D85CE5 /* Build configuration list for PBXNativeTarget "DCClass iOS Example" */ = {
			isa = XCConfigurationList;
			buildConfigurations = (
				1CB9A7831AACB91500D85CE5 /* Debug */,
				1CB9A7841AACB91500D85CE5 /* Release */,
			);
			defaultConfigurationIsVisible = 0;
			defaultConfigurationName = Release;
		};
/* End XCConfigurationList section */
	};
	rootObject = 1CB9A7571AACB91500D85CE5 /* Project object */;
}
